
Microsoft Visual Studio Solution File, Format Version 12.00
# Visual Studio Version 17
VisualStudioVersion = 17.0.31919.166
MinimumVisualStudioVersion = 10.0.40219.1
Project("{FAE04EC0-301F-11D3-BF4B-00C04F79EFBC}") = "aprovação", "aprovação\aprovação.csproj", "{BE03F559-1D92-490A-B861-FEF31ACC6F88}"
EndProject
Global
	GlobalSection(SolutionConfigurationPlatforms) = preSolution
		Debug|Any CPU = Debug|Any CPU
		Release|Any CPU = Release|Any CPU
	EndGlobalSection
	GlobalSection(ProjectConfigurationPlatforms) = postSolution
		{BE03F559-1D92-490A-B861-FEF31ACC6F88}.Debug|Any CPU.ActiveCfg = Debug|Any CPU
		{BE03F559-1D92-490A-B861-FEF31ACC6F88}.Debug|Any CPU.Build.0 = Debug|Any CPU
		{BE03F559-1D92-490A-B861-FEF31ACC6F88}.Release|Any CPU.ActiveCfg = Release|Any CPU
		{BE03F559-1D92-490A-B861-FEF31ACC6F88}.Release|Any CPU.Build.0 = Release|Any CPU
	EndGlobalSection
	GlobalSection(SolutionProperties) = preSolution
		HideSolutionNode = FALSE
	EndGlobalSection
	GlobalSection(ExtensibilityGlobals) = postSolution
		SolutionGuid = {B9E45B42-5C7A-412D-87C1-D53ECE6C75B6}
	EndGlobalSection
EndGlobal
